
Microsoft Visual Studio Solution File, Format Version 12.00
# Visual Studio Version 17
VisualStudioVersion = 17.11.35222.181
MinimumVisualStudioVersion = 10.0.40219.1
Project("{9A19103F-16F7-4668-BE54-9A1E7A4F7556}") = "WEB_253503_Kudosh.UI", "WEB_253503_Kudosh.UI\WEB_253503_Kudosh.UI.csproj", "{AFA85FCF-1457-454E-B63C-3A5CD7648FD4}"
EndProject
Project("{9A19103F-16F7-4668-BE54-9A1E7A4F7556}") = "WEB_253503_Kudosh.Domain", "WEB_253503_Kudosh.Domain\WEB_253503_Kudosh.Domain.csproj", "{79562ABB-3DB3-4081-8E79-B242EA259F9A}"
EndProject
Project("{9A19103F-16F7-4668-BE54-9A1E7A4F7556}") = "WEB_253503_Kudosh.API", "WEB_253503_Kudosh.API\WEB_253503_Kudosh.API.csproj", "{A4921944-12A6-495B-82E3-6BB387AA9411}"
EndProject
Global
	GlobalSection(SolutionConfigurationPlatforms) = preSolution
		Debug|Any CPU = Debug|Any CPU
		Release|Any CPU = Release|Any CPU
	EndGlobalSection
	GlobalSection(ProjectConfigurationPlatforms) = postSolution
		{AFA85FCF-1457-454E-B63C-3A5CD7648FD4}.Debug|Any CPU.ActiveCfg = Debug|Any CPU
		{AFA85FCF-1457-454E-B63C-3A5CD7648FD4}.Debug|Any CPU.Build.0 = Debug|Any CPU
		{AFA85FCF-1457-454E-B63C-3A5CD7648FD4}.Release|Any CPU.ActiveCfg = Release|Any CPU
		{AFA85FCF-1457-454E-B63C-3A5CD7648FD4}.Release|Any CPU.Build.0 = Release|Any CPU
		{79562ABB-3DB3-4081-8E79-B242EA259F9A}.Debug|Any CPU.ActiveCfg = Debug|Any CPU
		{79562ABB-3DB3-4081-8E79-B242EA259F9A}.Debug|Any CPU.Build.0 = Debug|Any CPU
		{79562ABB-3DB3-4081-8E79-B242EA259F9A}.Release|Any CPU.ActiveCfg = Release|Any CPU
		{79562ABB-3DB3-4081-8E79-B242EA259F9A}.Release|Any CPU.Build.0 = Release|Any CPU
		{A4921944-12A6-495B-82E3-6BB387AA9411}.Debug|Any CPU.ActiveCfg = Debug|Any CPU
		{A4921944-12A6-495B-82E3-6BB387AA9411}.Debug|Any CPU.Build.0 = Debug|Any CPU
		{A4921944-12A6-495B-82E3-6BB387AA9411}.Release|Any CPU.ActiveCfg = Release|Any CPU
		{A4921944-12A6-495B-82E3-6BB387AA9411}.Release|Any CPU.Build.0 = Release|Any CPU
	EndGlobalSection
	GlobalSection(SolutionProperties) = preSolution
		HideSolutionNode = FALSE
	EndGlobalSection
	GlobalSection(ExtensibilityGlobals) = postSolution
		SolutionGuid = {0B0B3EEA-EC14-4517-A327-4F15A2DD7FA7}
	EndGlobalSection
EndGlobal
